
Microsoft Visual Studio Solution File, Format Version 12.00
# Visual Studio Version 17
VisualStudioVersion = 17.5.002.0
MinimumVisualStudioVersion = 10.0.40219.1
Project("{9A19103F-16F7-4668-BE54-9A1E7A4F7556}") = "csharp-speed", "csharp-speed.csproj", "{3A593BCD-38B5-4DB9-ACC8-A09A578B47F6}"
EndProject
Global
	GlobalSection(SolutionConfigurationPlatforms) = preSolution
		Debug|Any CPU = Debug|Any CPU
		Release|Any CPU = Release|Any CPU
	EndGlobalSection
	GlobalSection(ProjectConfigurationPlatforms) = postSolution
		{3A593BCD-38B5-4DB9-ACC8-A09A578B47F6}.Debug|Any CPU.ActiveCfg = Debug|Any CPU
		{3A593BCD-38B5-4DB9-ACC8-A09A578B47F6}.Debug|Any CPU.Build.0 = Debug|Any CPU
		{3A593BCD-38B5-4DB9-ACC8-A09A578B47F6}.Release|Any CPU.ActiveCfg = Release|Any CPU
		{3A593BCD-38B5-4DB9-ACC8-A09A578B47F6}.Release|Any CPU.Build.0 = Release|Any CPU
	EndGlobalSection
	GlobalSection(SolutionProperties) = preSolution
		HideSolutionNode = FALSE
	EndGlobalSection
	GlobalSection(ExtensibilityGlobals) = postSolution
		SolutionGuid = {33B1E4AF-D04A-4CD5-86C9-C023C83FA768}
	EndGlobalSection
EndGlobal
